// !$*UTF8*$!
{
	archiveVersion = 1;
	classes = {
	};
	objectVersion = 46;
	objects = {

/* Begin PBXBuildFile section */
		C01C06141D2A145200657C62 /* UploadManager.m in Sources */ = {isa = PBXBuildFile; fileRef = C01C06131D2A145200657C62 /* UploadManager.m */; };
		C01C06171D2B495800657C62 /* KS3Util.m in Sources */ = {isa = PBXBuildFile; fileRef = C01C06161D2B495800657C62 /* KS3Util.m */; };
		C01C061A1D2B64A400657C62 /* UploadTableViewController.m in Sources */ = {isa = PBXBuildFile; fileRef = C01C06191D2B64A400657C62 /* UploadTableViewController.m */; };
		C01C061D1D2B661600657C62 /* TableViewCell.m in Sources */ = {isa = PBXBuildFile; fileRef = C01C061C1D2B661600657C62 /* TableViewCell.m */; };
		C01D684E1D26477B008F1ED6 /* PlayerViewController.m in Sources */ = {isa = PBXBuildFile; fileRef = C01D684D1D26477B008F1ED6 /* PlayerViewController.m */; };
		C037284C1D251EC10091F40F /* main.m in Sources */ = {isa = PBXBuildFile; fileRef = C037284B1D251EC10091F40F /* main.m */; };
		C037284F1D251EC10091F40F /* AppDelegate.m in Sources */ = {isa = PBXBuildFile; fileRef = C037284E1D251EC10091F40F /* AppDelegate.m */; };
		C03728521D251EC10091F40F /* ViewController.m in Sources */ = {isa = PBXBuildFile; fileRef = C03728511D251EC10091F40F /* ViewController.m */; };
		C03728571D251EC10091F40F /* Assets.xcassets in Resources */ = {isa = PBXBuildFile; fileRef = C03728561D251EC10091F40F /* Assets.xcassets */; };
		C03728631D251FDB0091F40F /* TableViewController.m in Sources */ = {isa = PBXBuildFile; fileRef = C03728621D251FDB0091F40F /* TableViewController.m */; };
		C04434511D33763B007E389D /* UCloudDanmu.m in Sources */ = {isa = PBXBuildFile; fileRef = C04434461D33763B007E389D /* UCloudDanmu.m */; };
		C04434521D33763B007E389D /* UCloudDanmuLabel.m in Sources */ = {isa = PBXBuildFile; fileRef = C04434481D33763B007E389D /* UCloudDanmuLabel.m */; };
		C04434531D33763B007E389D /* UCloudDanmuManager.m in Sources */ = {isa = PBXBuildFile; fileRef = C044344A1D33763B007E389D /* UCloudDanmuManager.m */; };
		C04434541D33763B007E389D /* UCloudDanmuParser.m in Sources */ = {isa = PBXBuildFile; fileRef = C044344C1D33763B007E389D /* UCloudDanmuParser.m */; };
		C04434551D33763B007E389D /* UCloudDanmuUtil.m in Sources */ = {isa = PBXBuildFile; fileRef = C044344E1D33763B007E389D /* UCloudDanmuUtil.m */; };
		C04434561D33763B007E389D /* UCloudDanmuView.m in Sources */ = {isa = PBXBuildFile; fileRef = C04434501D33763B007E389D /* UCloudDanmuView.m */; };
		C04434591D33773B007E389D /* NSTimer+EOCBlocksSupport.m in Sources */ = {isa = PBXBuildFile; fileRef = C04434581D33773B007E389D /* NSTimer+EOCBlocksSupport.m */; };
		C044345B1D3377F6007E389D /* test.xml in Resources */ = {isa = PBXBuildFile; fileRef = C044345A1D3377F6007E389D /* test.xml */; };
		C055AFB61D333DD3003A6AF6 /* kr-video-player-close@2x.png in Resources */ = {isa = PBXBuildFile; fileRef = C055AF8C1D333DD3003A6AF6 /* kr-video-player-close@2x.png */; };
		C055AFB71D333DD3003A6AF6 /* kr-video-player-close@3x.png in Resources */ = {isa = PBXBuildFile; fileRef = C055AF8D1D333DD3003A6AF6 /* kr-video-player-close@3x.png */; };
		C055AFB81D333DD3003A6AF6 /* kr-video-player-fullscreen@2x.png in Resources */ = {isa = PBXBuildFile; fileRef = C055AF8E1D333DD3003A6AF6 /* kr-video-player-fullscreen@2x.png */; };
		C055AFB91D333DD3003A6AF6 /* kr-video-player-fullscreen@3x.png in Resources */ = {isa = PBXBuildFile; fileRef = C055AF8F1D333DD3003A6AF6 /* kr-video-player-fullscreen@3x.png */; };
		C055AFBA1D333DD3003A6AF6 /* kr-video-player-pause@2x.png in Resources */ = {isa = PBXBuildFile; fileRef = C055AF901D333DD3003A6AF6 /* kr-video-player-pause@2x.png */; };
		C055AFBB1D333DD3003A6AF6 /* kr-video-player-pause@3x.png in Resources */ = {isa = PBXBuildFile; fileRef = C055AF911D333DD3003A6AF6 /* kr-video-player-pause@3x.png */; };
		C055AFBC1D333DD3003A6AF6 /* kr-video-player-play@2x.png in Resources */ = {isa = PBXBuildFile; fileRef = C055AF921D333DD3003A6AF6 /* kr-video-player-play@2x.png */; };
		C055AFBD1D333DD3003A6AF6 /* kr-video-player-play@3x.png in Resources */ = {isa = PBXBuildFile; fileRef = C055AF931D333DD3003A6AF6 /* kr-video-player-play@3x.png */; };
		C055AFBE1D333DD3003A6AF6 /* kr-video-player-point@2x.png in Resources */ = {isa = PBXBuildFile; fileRef = C055AF941D333DD3003A6AF6 /* kr-video-player-point@2x.png */; };
		C055AFBF1D333DD3003A6AF6 /* kr-video-player-point@3x.png in Resources */ = {isa = PBXBuildFile; fileRef = C055AF951D333DD3003A6AF6 /* kr-video-player-point@3x.png */; };
		C055AFC01D333DD3003A6AF6 /* kr-video-player-shrinkscreen@2x.png in Resources */ = {isa = PBXBuildFile; fileRef = C055AF961D333DD3003A6AF6 /* kr-video-player-shrinkscreen@2x.png */; };
		C055AFC11D333DD3003A6AF6 /* kr-video-player-shrinkscreen@3x.png in Resources */ = {isa = PBXBuildFile; fileRef = C055AF971D333DD3003A6AF6 /* kr-video-player-shrinkscreen@3x.png */; };
		C055AFC21D333DD3003A6AF6 /* zx-video-banner-back.png in Resources */ = {isa = PBXBuildFile; fileRef = C055AF981D333DD3003A6AF6 /* zx-video-banner-back.png */; };
		C055AFC31D333DD3003A6AF6 /* zx-video-banner-back@2x.png in Resources */ = {isa = PBXBuildFile; fileRef = C055AF991D333DD3003A6AF6 /* zx-video-banner-back@2x.png */; };
		C055AFC41D333DD3003A6AF6 /* zx-video-player-brightness@2x.png in Resources */ = {isa = PBXBuildFile; fileRef = C055AF9A1D333DD3003A6AF6 /* zx-video-player-brightness@2x.png */; };
		C055AFC51D333DD3003A6AF6 /* zx-video-player-brightness@3x.png in Resources */ = {isa = PBXBuildFile; fileRef = C055AF9B1D333DD3003A6AF6 /* zx-video-player-brightness@3x.png */; };
		C055AFC61D333DD3003A6AF6 /* zx-video-player-fastForward@2x.png in Resources */ = {isa = PBXBuildFile; fileRef = C055AF9C1D333DD3003A6AF6 /* zx-video-player-fastForward@2x.png */; };
		C055AFC71D333DD3003A6AF6 /* zx-video-player-fastForward@3x.png in Resources */ = {isa = PBXBuildFile; fileRef = C055AF9D1D333DD3003A6AF6 /* zx-video-player-fastForward@3x.png */; };
		C055AFC81D333DD3003A6AF6 /* zx-video-player-lock@2x.png in Resources */ = {isa = PBXBuildFile; fileRef = C055AF9E1D333DD3003A6AF6 /* zx-video-player-lock@2x.png */; };
		C055AFC91D333DD3003A6AF6 /* zx-video-player-lock@3x.png in Resources */ = {isa = PBXBuildFile; fileRef = C055AF9F1D333DD3003A6AF6 /* zx-video-player-lock@3x.png */; };
		C055AFCA1D333DD3003A6AF6 /* zx-video-player-rewind@2x.png in Resources */ = {isa = PBXBuildFile; fileRef = C055AFA01D333DD3003A6AF6 /* zx-video-player-rewind@2x.png */; };
		C055AFCB1D333DD3003A6AF6 /* zx-video-player-rewind@3x.png in Resources */ = {isa = PBXBuildFile; fileRef = C055AFA11D333DD3003A6AF6 /* zx-video-player-rewind@3x.png */; };
		C055AFCC1D333DD3003A6AF6 /* zx-video-player-unlock@2x.png in Resources */ = {isa = PBXBuildFile; fileRef = C055AFA21D333DD3003A6AF6 /* zx-video-player-unlock@2x.png */; };
		C055AFCD1D333DD3003A6AF6 /* zx-video-player-unlock@3x.png in Resources */ = {isa = PBXBuildFile; fileRef = C055AFA31D333DD3003A6AF6 /* zx-video-player-unlock@3x.png */; };
		C055AFCE1D333DD3003A6AF6 /* zx-video-player-volume@2x.png in Resources */ = {isa = PBXBuildFile; fileRef = C055AFA41D333DD3003A6AF6 /* zx-video-player-volume@2x.png */; };
		C055AFCF1D333DD3003A6AF6 /* zx-video-player-volume@3x.png in Resources */ = {isa = PBXBuildFile; fileRef = C055AFA51D333DD3003A6AF6 /* zx-video-player-volume@3x.png */; };
		C055AFD01D333DD3003A6AF6 /* zx-video-player-volumeMute@2x.png in Resources */ = {isa = PBXBuildFile; fileRef = C055AFA61D333DD3003A6AF6 /* zx-video-player-volumeMute@2x.png */; };
		C055AFD11D333DD3003A6AF6 /* zx-video-player-volumeMute@3x.png in Resources */ = {isa = PBXBuildFile; fileRef = C055AFA71D333DD3003A6AF6 /* zx-video-player-volumeMute@3x.png */; };
		C055AFD21D333DD3003A6AF6 /* ZXVideo.m in Sources */ = {isa = PBXBuildFile; fileRef = C055AFA91D333DD3003A6AF6 /* ZXVideo.m */; };
		C055AFD31D333DD3003A6AF6 /* ZXVideoPlayerBatteryView.m in Sources */ = {isa = PBXBuildFile; fileRef = C055AFAB1D333DD3003A6AF6 /* ZXVideoPlayerBatteryView.m */; };
		C055AFD41D333DD3003A6AF6 /* ZXVideoPlayerBrightnessView.m in Sources */ = {isa = PBXBuildFile; fileRef = C055AFAD1D333DD3003A6AF6 /* ZXVideoPlayerBrightnessView.m */; };
		C055AFD61D333DD3003A6AF6 /* ZXVideoPlayerControlView.m in Sources */ = {isa = PBXBuildFile; fileRef = C055AFB11D333DD3003A6AF6 /* ZXVideoPlayerControlView.m */; };
		C055AFD71D333DD3003A6AF6 /* ZXVideoPlayerTimeIndicatorView.m in Sources */ = {isa = PBXBuildFile; fileRef = C055AFB31D333DD3003A6AF6 /* ZXVideoPlayerTimeIndicatorView.m */; };
		C055AFD81D333DD3003A6AF6 /* ZXVideoPlayerVolumeView.m in Sources */ = {isa = PBXBuildFile; fileRef = C055AFB51D333DD3003A6AF6 /* ZXVideoPlayerVolumeView.m */; };
		C055AFDB1D333FFC003A6AF6 /* MaxPlayerView.m in Sources */ = {isa = PBXBuildFile; fileRef = C055AFDA1D333FFC003A6AF6 /* MaxPlayerView.m */; };
		C0ADBCC51D2650B200E76484 /* Main.storyboard in Resources */ = {isa = PBXBuildFile; fileRef = C0ADBCC41D2650B200E76484 /* Main.storyboard */; };
		C0ADBCC71D2650DD00E76484 /* Launch.storyboard in Resources */ = {isa = PBXBuildFile; fileRef = C0ADBCC61D2650DD00E76484 /* Launch.storyboard */; };
		C0D9393F1D2528F6003891F0 /* KS3YunSDK.framework in Frameworks */ = {isa = PBXBuildFile; fileRef = C0D9393E1D2528F6003891F0 /* KS3YunSDK.framework */; };
		C0D939431D2529F0003891F0 /* MultiUploadModel.m in Sources */ = {isa = PBXBuildFile; fileRef = C0D939421D2529F0003891F0 /* MultiUploadModel.m */; };
		C3D103A1170F0A4A59CB3B13 /* libPods.a in Frameworks */ = {isa = PBXBuildFile; fileRef = BB1A2DA02E4DB1EF9AC2D0F0 /* libPods.a */; };
/* End PBXBuildFile section */

/* Begin PBXFileReference section */
		9043E85532C197C5138269FF /* Pods.release.xcconfig */ = {isa = PBXFileReference; includeInIndex = 1; lastKnownFileType = text.xcconfig; name = Pods.release.xcconfig; path = "Pods/Target Support Files/Pods/Pods.release.xcconfig"; sourceTree = "<group>"; };
		BB1A2DA02E4DB1EF9AC2D0F0 /* libPods.a */ = {isa = PBXFileReference; explicitFileType = archive.ar; includeInIndex = 0; path = libPods.a; sourceTree = BUILT_PRODUCTS_DIR; };
		C01C06121D2A145200657C62 /* UploadManager.h */ = {isa = PBXFileReference; fileEncoding = 4; lastKnownFileType = sourcecode.c.h; path = UploadManager.h; sourceTree = "<group>"; };
		C01C06131D2A145200657C62 /* UploadManager.m */ = {isa = PBXFileReference; fileEncoding = 4; lastKnownFileType = sourcecode.c.objc; path = UploadManager.m; sourceTree = "<group>"; };
		C01C06151D2B495800657C62 /* KS3Util.h */ = {isa = PBXFileReference; fileEncoding = 4; lastKnownFileType = sourcecode.c.h; path = KS3Util.h; sourceTree = "<group>"; };
		C01C06161D2B495800657C62 /* KS3Util.m */ = {isa = PBXFileReference; fileEncoding = 4; lastKnownFileType = sourcecode.c.objc; path = KS3Util.m; sourceTree = "<group>"; };
		C01C06181D2B64A400657C62 /* UploadTableViewController.h */ = {isa = PBXFileReference; fileEncoding = 4; lastKnownFileType = sourcecode.c.h; path = UploadTableViewController.h; sourceTree = "<group>"; };
		C01C06191D2B64A400657C62 /* UploadTableViewController.m */ = {isa = PBXFileReference; fileEncoding = 4; lastKnownFileType = sourcecode.c.objc; path = UploadTableViewController.m; sourceTree = "<group>"; };
		C01C061B1D2B661600657C62 /* TableViewCell.h */ = {isa = PBXFileReference; fileEncoding = 4; lastKnownFileType = sourcecode.c.h; path = TableViewCell.h; sourceTree = "<group>"; };
		C01C061C1D2B661600657C62 /* TableViewCell.m */ = {isa = PBXFileReference; fileEncoding = 4; lastKnownFileType = sourcecode.c.objc; path = TableViewCell.m; sourceTree = "<group>"; };
		C01D684C1D26477B008F1ED6 /* PlayerViewController.h */ = {isa = PBXFileReference; fileEncoding = 4; lastKnownFileType = sourcecode.c.h; path = PlayerViewController.h; sourceTree = "<group>"; };
		C01D684D1D26477B008F1ED6 /* PlayerViewController.m */ = {isa = PBXFileReference; fileEncoding = 4; lastKnownFileType = sourcecode.c.objc; path = PlayerViewController.m; sourceTree = "<group>"; };
		C03728471D251EC10091F40F /* PostVideo.app */ = {isa = PBXFileReference; explicitFileType = wrapper.application; includeInIndex = 0; path = PostVideo.app; sourceTree = BUILT_PRODUCTS_DIR; };
		C037284B1D251EC10091F40F /* main.m */ = {isa = PBXFileReference; lastKnownFileType = sourcecode.c.objc; path = main.m; sourceTree = "<group>"; };
		C037284D1D251EC10091F40F /* AppDelegate.h */ = {isa = PBXFileReference; lastKnownFileType = sourcecode.c.h; path = AppDelegate.h; sourceTree = "<group>"; };
		C037284E1D251EC10091F40F /* AppDelegate.m */ = {isa = PBXFileReference; lastKnownFileType = sourcecode.c.objc; path = AppDelegate.m; sourceTree = "<group>"; };
		C03728501D251EC10091F40F /* ViewController.h */ = {isa = PBXFileReference; lastKnownFileType = sourcecode.c.h; path = ViewController.h; sourceTree = "<group>"; };
		C03728511D251EC10091F40F /* ViewController.m */ = {isa = PBXFileReference; lastKnownFileType = sourcecode.c.objc; path = ViewController.m; sourceTree = "<group>"; };
		C03728561D251EC10091F40F /* Assets.xcassets */ = {isa = PBXFileReference; lastKnownFileType = folder.assetcatalog; path = Assets.xcassets; sourceTree = "<group>"; };
		C037285B1D251EC10091F40F /* Info.plist */ = {isa = PBXFileReference; lastKnownFileType = text.plist.xml; path = Info.plist; sourceTree = "<group>"; };
		C03728611D251FDB0091F40F /* TableViewController.h */ = {isa = PBXFileReference; fileEncoding = 4; lastKnownFileType = sourcecode.c.h; path = TableViewController.h; sourceTree = "<group>"; };
		C03728621D251FDB0091F40F /* TableViewController.m */ = {isa = PBXFileReference; fileEncoding = 4; lastKnownFileType = sourcecode.c.objc; path = TableViewController.m; sourceTree = "<group>"; };
		C04434451D33763B007E389D /* UCloudDanmu.h */ = {isa = PBXFileReference; fileEncoding = 4; lastKnownFileType = sourcecode.c.h; path = UCloudDanmu.h; sourceTree = "<group>"; };
		C04434461D33763B007E389D /* UCloudDanmu.m */ = {isa = PBXFileReference; fileEncoding = 4; lastKnownFileType = sourcecode.c.objc; path = UCloudDanmu.m; sourceTree = "<group>"; };
		C04434471D33763B007E389D /* UCloudDanmuLabel.h */ = {isa = PBXFileReference; fileEncoding = 4; lastKnownFileType = sourcecode.c.h; path = UCloudDanmuLabel.h; sourceTree = "<group>"; };
		C04434481D33763B007E389D /* UCloudDanmuLabel.m */ = {isa = PBXFileReference; fileEncoding = 4; lastKnownFileType = sourcecode.c.objc; path = UCloudDanmuLabel.m; sourceTree = "<group>"; };
		C04434491D33763B007E389D /* UCloudDanmuManager.h */ = {isa = PBXFileReference; fileEncoding = 4; lastKnownFileType = sourcecode.c.h; path = UCloudDanmuManager.h; sourceTree = "<group>"; };
		C044344A1D33763B007E389D /* UCloudDanmuManager.m */ = {isa = PBXFileReference; fileEncoding = 4; lastKnownFileType = sourcecode.c.objc; path = UCloudDanmuManager.m; sourceTree = "<group>"; };
		C044344B1D33763B007E389D /* UCloudDanmuParser.h */ = {isa = PBXFileReference; fileEncoding = 4; lastKnownFileType = sourcecode.c.h; path = UCloudDanmuParser.h; sourceTree = "<group>"; };
		C044344C1D33763B007E389D /* UCloudDanmuParser.m */ = {isa = PBXFileReference; fileEncoding = 4; lastKnownFileType = sourcecode.c.objc; path = UCloudDanmuParser.m; sourceTree = "<group>"; };
		C044344D1D33763B007E389D /* UCloudDanmuUtil.h */ = {isa = PBXFileReference; fileEncoding = 4; lastKnownFileType = sourcecode.c.h; path = UCloudDanmuUtil.h; sourceTree = "<group>"; };
		C044344E1D33763B007E389D /* UCloudDanmuUtil.m */ = {isa = PBXFileReference; fileEncoding = 4; lastKnownFileType = sourcecode.c.objc; path = UCloudDanmuUtil.m; sourceTree = "<group>"; };
		C044344F1D33763B007E389D /* UCloudDanmuView.h */ = {isa = PBXFileReference; fileEncoding = 4; lastKnownFileType = sourcecode.c.h; path = UCloudDanmuView.h; sourceTree = "<group>"; };
		C04434501D33763B007E389D /* UCloudDanmuView.m */ = {isa = PBXFileReference; fileEncoding = 4; lastKnownFileType = sourcecode.c.objc; path = UCloudDanmuView.m; sourceTree = "<group>"; };
		C04434571D33773B007E389D /* NSTimer+EOCBlocksSupport.h */ = {isa = PBXFileReference; fileEncoding = 4; lastKnownFileType = sourcecode.c.h; path = "NSTimer+EOCBlocksSupport.h"; sourceTree = "<group>"; };
		C04434581D33773B007E389D /* NSTimer+EOCBlocksSupport.m */ = {isa = PBXFileReference; fileEncoding = 4; lastKnownFileType = sourcecode.c.objc; path = "NSTimer+EOCBlocksSupport.m"; sourceTree = "<group>"; };
		C044345A1D3377F6007E389D /* test.xml */ = {isa = PBXFileReference; fileEncoding = 4; lastKnownFileType = text.xml; path = test.xml; sourceTree = "<group>"; };
		C055AF8C1D333DD3003A6AF6 /* kr-video-player-close@2x.png */ = {isa = PBXFileReference; lastKnownFileType = image.png; path = "kr-video-player-close@2x.png"; sourceTree = "<group>"; };
		C055AF8D1D333DD3003A6AF6 /* kr-video-player-close@3x.png */ = {isa = PBXFileReference; lastKnownFileType = image.png; path = "kr-video-player-close@3x.png"; sourceTree = "<group>"; };
		C055AF8E1D333DD3003A6AF6 /* kr-video-player-fullscreen@2x.png */ = {isa = PBXFileReference; lastKnownFileType = image.png; path = "kr-video-player-fullscreen@2x.png"; sourceTree = "<group>"; };
		C055AF8F1D333DD3003A6AF6 /* kr-video-player-fullscreen@3x.png */ = {isa = PBXFileReference; lastKnownFileType = image.png; path = "kr-video-player-fullscreen@3x.png"; sourceTree = "<group>"; };
		C055AF901D333DD3003A6AF6 /* kr-video-player-pause@2x.png */ = {isa = PBXFileReference; lastKnownFileType = image.png; path = "kr-video-player-pause@2x.png"; sourceTree = "<group>"; };
		C055AF911D333DD3003A6AF6 /* kr-video-player-pause@3x.png */ = {isa = PBXFileReference; lastKnownFileType = image.png; path = "kr-video-player-pause@3x.png"; sourceTree = "<group>"; };
		C055AF921D333DD3003A6AF6 /* kr-video-player-play@2x.png */ = {isa = PBXFileReference; lastKnownFileType = image.png; path = "kr-video-player-play@2x.png"; sourceTree = "<group>"; };
		C055AF931D333DD3003A6AF6 /* kr-video-player-play@3x.png */ = {isa = PBXFileReference; lastKnownFileType = image.png; path = "kr-video-player-play@3x.png"; sourceTree = "<group>"; };
		C055AF941D333DD3003A6AF6 /* kr-video-player-point@2x.png */ = {isa = PBXFileReference; lastKnownFileType = image.png; path = "kr-video-player-point@2x.png"; sourceTree = "<group>"; };
		C055AF951D333DD3003A6AF6 /* kr-video-player-point@3x.png */ = {isa = PBXFileReference; lastKnownFileType = image.png; path = "kr-video-player-point@3x.png"; sourceTree = "<group>"; };
		C055AF961D333DD3003A6AF6 /* kr-video-player-shrinkscreen@2x.png */ = {isa = PBXFileReference; lastKnownFileType = image.png; path = "kr-video-player-shrinkscreen@2x.png"; sourceTree = "<group>"; };
		C055AF971D333DD3003A6AF6 /* kr-video-player-shrinkscreen@3x.png */ = {isa = PBXFileReference; lastKnownFileType = image.png; path = "kr-video-player-shrinkscreen@3x.png"; sourceTree = "<group>"; };
		C055AF981D333DD3003A6AF6 /* zx-video-banner-back.png */ = {isa = PBXFileReference; lastKnownFileType = image.png; path = "zx-video-banner-back.png"; sourceTree = "<group>"; };
		C055AF991D333DD3003A6AF6 /* zx-video-banner-back@2x.png */ = {isa = PBXFileReference; lastKnownFileType = image.png; path = "zx-video-banner-back@2x.png"; sourceTree = "<group>"; };
		C055AF9A1D333DD3003A6AF6 /* zx-video-player-brightness@2x.png */ = {isa = PBXFileReference; lastKnownFileType = image.png; path = "zx-video-player-brightness@2x.png"; sourceTree = "<group>"; };
		C055AF9B1D333DD3003A6AF6 /* zx-video-player-brightness@3x.png */ = {isa = PBXFileReference; lastKnownFileType = image.png; path = "zx-video-player-brightness@3x.png"; sourceTree = "<group>"; };
		C055AF9C1D333DD3003A6AF6 /* zx-video-player-fastForward@2x.png */ = {isa = PBXFileReference; lastKnownFileType = image.png; path = "zx-video-player-fastForward@2x.png"; sourceTree = "<group>"; };
		C055AF9D1D333DD3003A6AF6 /* zx-video-player-fastForward@3x.png */ = {isa = PBXFileReference; lastKnownFileType = image.png; path = "zx-video-player-fastForward@3x.png"; sourceTree = "<group>"; };
		C055AF9E1D333DD3003A6AF6 /* zx-video-player-lock@2x.png */ = {isa = PBXFileReference; lastKnownFileType = image.png; path = "zx-video-player-lock@2x.png"; sourceTree = "<group>"; };
		C055AF9F1D333DD3003A6AF6 /* zx-video-player-lock@3x.png */ = {isa = PBXFileReference; lastKnownFileType = image.png; path = "zx-video-player-lock@3x.png"; sourceTree = "<group>"; };
		C055AFA01D333DD3003A6AF6 /* zx-video-player-rewind@2x.png */ = {isa = PBXFileReference; lastKnownFileType = image.png; path = "zx-video-player-rewind@2x.png"; sourceTree = "<group>"; };
		C055AFA11D333DD3003A6AF6 /* zx-video-player-rewind@3x.png */ = {isa = PBXFileReference; lastKnownFileType = image.png; path = "zx-video-player-rewind@3x.png"; sourceTree = "<group>"; };
		C055AFA21D333DD3003A6AF6 /* zx-video-player-unlock@2x.png */ = {isa = PBXFileReference; lastKnownFileType = image.png; path = "zx-video-player-unlock@2x.png"; sourceTree = "<group>"; };
		C055AFA31D333DD3003A6AF6 /* zx-video-player-unlock@3x.png */ = {isa = PBXFileReference; lastKnownFileType = image.png; path = "zx-video-player-unlock@3x.png"; sourceTree = "<group>"; };
		C055AFA41D333DD3003A6AF6 /* zx-video-player-volume@2x.png */ = {isa = PBXFileReference; lastKnownFileType = image.png; path = "zx-video-player-volume@2x.png"; sourceTree = "<group>"; };
		C055AFA51D333DD3003A6AF6 /* zx-video-player-volume@3x.png */ = {isa = PBXFileReference; lastKnownFileType = image.png; path = "zx-video-player-volume@3x.png"; sourceTree = "<group>"; };
		C055AFA61D333DD3003A6AF6 /* zx-video-player-volumeMute@2x.png */ = {isa = PBXFileReference; lastKnownFileType = image.png; path = "zx-video-player-volumeMute@2x.png"; sourceTree = "<group>"; };
		C055AFA71D333DD3003A6AF6 /* zx-video-player-volumeMute@3x.png */ = {isa = PBXFileReference; lastKnownFileType = image.png; path = "zx-video-player-volumeMute@3x.png"; sourceTree = "<group>"; };
		C055AFA81D333DD3003A6AF6 /* ZXVideo.h */ = {isa = PBXFileReference; fileEncoding = 4; lastKnownFileType = sourcecode.c.h; path = ZXVideo.h; sourceTree = "<group>"; };
		C055AFA91D333DD3003A6AF6 /* ZXVideo.m */ = {isa = PBXFileReference; fileEncoding = 4; lastKnownFileType = sourcecode.c.objc; path = ZXVideo.m; sourceTree = "<group>"; };
		C055AFAA1D333DD3003A6AF6 /* ZXVideoPlayerBatteryView.h */ = {isa = PBXFileReference; fileEncoding = 4; lastKnownFileType = sourcecode.c.h; path = ZXVideoPlayerBatteryView.h; sourceTree = "<group>"; };
		C055AFAB1D333DD3003A6AF6 /* ZXVideoPlayerBatteryView.m */ = {isa = PBXFileReference; fileEncoding = 4; lastKnownFileType = sourcecode.c.objc; path = ZXVideoPlayerBatteryView.m; sourceTree = "<group>"; };
		C055AFAC1D333DD3003A6AF6 /* ZXVideoPlayerBrightnessView.h */ = {isa = PBXFileReference; fileEncoding = 4; lastKnownFileType = sourcecode.c.h; path = ZXVideoPlayerBrightnessView.h; sourceTree = "<group>"; };
		C055AFAD1D333DD3003A6AF6 /* ZXVideoPlayerBrightnessView.m */ = {isa = PBXFileReference; fileEncoding = 4; lastKnownFileType = sourcecode.c.objc; path = ZXVideoPlayerBrightnessView.m; sourceTree = "<group>"; };
		C055AFB01D333DD3003A6AF6 /* ZXVideoPlayerControlView.h */ = {isa = PBXFileReference; fileEncoding = 4; lastKnownFileType = sourcecode.c.h; path = ZXVideoPlayerControlView.h; sourceTree = "<group>"; };
		C055AFB11D333DD3003A6AF6 /* ZXVideoPlayerControlView.m */ = {isa = PBXFileReference; fileEncoding = 4; lastKnownFileType = sourcecode.c.objc; path = ZXVideoPlayerControlView.m; sourceTree = "<group>"; };
		C055AFB21D333DD3003A6AF6 /* ZXVideoPlayerTimeIndicatorView.h */ = {isa = PBXFileReference; fileEncoding = 4; lastKnownFileType = sourcecode.c.h; path = ZXVideoPlayerTimeIndicatorView.h; sourceTree = "<group>"; };
		C055AFB31D333DD3003A6AF6 /* ZXVideoPlayerTimeIndicatorView.m */ = {isa = PBXFileReference; fileEncoding = 4; lastKnownFileType = sourcecode.c.objc; path = ZXVideoPlayerTimeIndicatorView.m; sourceTree = "<group>"; };
		C055AFB41D333DD3003A6AF6 /* ZXVideoPlayerVolumeView.h */ = {isa = PBXFileReference; fileEncoding = 4; lastKnownFileType = sourcecode.c.h; path = ZXVideoPlayerVolumeView.h; sourceTree = "<group>"; };
		C055AFB51D333DD3003A6AF6 /* ZXVideoPlayerVolumeView.m */ = {isa = PBXFileReference; fileEncoding = 4; lastKnownFileType = sourcecode.c.objc; path = ZXVideoPlayerVolumeView.m; sourceTree = "<group>"; };
		C055AFD91D333FFC003A6AF6 /* MaxPlayerView.h */ = {isa = PBXFileReference; fileEncoding = 4; lastKnownFileType = sourcecode.c.h; path = MaxPlayerView.h; sourceTree = "<group>"; };
		C055AFDA1D333FFC003A6AF6 /* MaxPlayerView.m */ = {isa = PBXFileReference; fileEncoding = 4; lastKnownFileType = sourcecode.c.objc; path = MaxPlayerView.m; sourceTree = "<group>"; };
		C0ADBCC41D2650B200E76484 /* Main.storyboard */ = {isa = PBXFileReference; fileEncoding = 4; lastKnownFileType = file.storyboard; path = Main.storyboard; sourceTree = "<group>"; };
		C0ADBCC61D2650DD00E76484 /* Launch.storyboard */ = {isa = PBXFileReference; fileEncoding = 4; lastKnownFileType = file.storyboard; path = Launch.storyboard; sourceTree = "<group>"; };
		C0D9393E1D2528F6003891F0 /* KS3YunSDK.framework */ = {isa = PBXFileReference; lastKnownFileType = wrapper.framework; path = KS3YunSDK.framework; sourceTree = "<group>"; };
		C0D939411D2529F0003891F0 /* MultiUploadModel.h */ = {isa = PBXFileReference; fileEncoding = 4; lastKnownFileType = sourcecode.c.h; path = MultiUploadModel.h; sourceTree = "<group>"; };
		C0D939421D2529F0003891F0 /* MultiUploadModel.m */ = {isa = PBXFileReference; fileEncoding = 4; lastKnownFileType = sourcecode.c.objc; path = MultiUploadModel.m; sourceTree = "<group>"; };
		E1FEA3E28A48C5BD0B03771D /* Pods.debug.xcconfig */ = {isa = PBXFileReference; includeInIndex = 1; lastKnownFileType = text.xcconfig; name = Pods.debug.xcconfig; path = "Pods/Target Support Files/Pods/Pods.debug.xcconfig"; sourceTree = "<group>"; };
/* End PBXFileReference section */

/* Begin PBXFrameworksBuildPhase section */
		C03728441D251EC10091F40F /* Frameworks */ = {
			isa = PBXFrameworksBuildPhase;
			buildActionMask = 2147483647;
			files = (
				C0D9393F1D2528F6003891F0 /* KS3YunSDK.framework in Frameworks */,
				C3D103A1170F0A4A59CB3B13 /* libPods.a in Frameworks */,
			);
			runOnlyForDeploymentPostprocessing = 0;
		};
/* End PBXFrameworksBuildPhase section */

/* Begin PBXGroup section */
		2AF918980E892C9F61FA1AE5 /* Pods */ = {
			isa = PBXGroup;
			children = (
				E1FEA3E28A48C5BD0B03771D /* Pods.debug.xcconfig */,
				9043E85532C197C5138269FF /* Pods.release.xcconfig */,
			);
			name = Pods;
			sourceTree = "<group>";
		};
		8D9A237321D50E06A90C2338 /* Frameworks */ = {
			isa = PBXGroup;
			children = (
				BB1A2DA02E4DB1EF9AC2D0F0 /* libPods.a */,
			);
			name = Frameworks;
			sourceTree = "<group>";
		};
		C037283E1D251EC10091F40F = {
			isa = PBXGroup;
			children = (
				C03728491D251EC10091F40F /* PostVideo */,
				C03728481D251EC10091F40F /* Products */,
				2AF918980E892C9F61FA1AE5 /* Pods */,
				8D9A237321D50E06A90C2338 /* Frameworks */,
			);
			sourceTree = "<group>";
		};
		C03728481D251EC10091F40F /* Products */ = {
			isa = PBXGroup;
			children = (
				C03728471D251EC10091F40F /* PostVideo.app */,
			);
			name = Products;
			sourceTree = "<group>";
		};
		C03728491D251EC10091F40F /* PostVideo */ = {
			isa = PBXGroup;
			children = (
				C037284D1D251EC10091F40F /* AppDelegate.h */,
				C037284E1D251EC10091F40F /* AppDelegate.m */,
				C03728501D251EC10091F40F /* ViewController.h */,
				C03728511D251EC10091F40F /* ViewController.m */,
				C03728611D251FDB0091F40F /* TableViewController.h */,
				C03728621D251FDB0091F40F /* TableViewController.m */,
				C01C06181D2B64A400657C62 /* UploadTableViewController.h */,
				C01C06191D2B64A400657C62 /* UploadTableViewController.m */,
				C01C061B1D2B661600657C62 /* TableViewCell.h */,
				C01C061C1D2B661600657C62 /* TableViewCell.m */,
				C01D684C1D26477B008F1ED6 /* PlayerViewController.h */,
				C01D684D1D26477B008F1ED6 /* PlayerViewController.m */,
				C0D939411D2529F0003891F0 /* MultiUploadModel.h */,
				C0D939421D2529F0003891F0 /* MultiUploadModel.m */,
				C01C06121D2A145200657C62 /* UploadManager.h */,
				C01C06131D2A145200657C62 /* UploadManager.m */,
				C055AFD91D333FFC003A6AF6 /* MaxPlayerView.h */,
				C055AFDA1D333FFC003A6AF6 /* MaxPlayerView.m */,
				C04434441D33763B007E389D /* Danmu */,
				C055AF8A1D333DD3003A6AF6 /* ZXVideoPlayer */,
				C0D9393D1D2528F6003891F0 /* upload */,
				C03728561D251EC10091F40F /* Assets.xcassets */,
				C037285B1D251EC10091F40F /* Info.plist */,
				C0ADBCC41D2650B200E76484 /* Main.storyboard */,
				C0ADBCC61D2650DD00E76484 /* Launch.storyboard */,
				C037284A1D251EC10091F40F /* Supporting Files */,
			);
			path = PostVideo;
			sourceTree = "<group>";
		};
		C037284A1D251EC10091F40F /* Supporting Files */ = {
			isa = PBXGroup;
			children = (
				C037284B1D251EC10091F40F /* main.m */,
			);
			name = "Supporting Files";
			sourceTree = "<group>";
		};
		C04434441D33763B007E389D /* Danmu */ = {
			isa = PBXGroup;
			children = (
				C04434571D33773B007E389D /* NSTimer+EOCBlocksSupport.h */,
				C04434581D33773B007E389D /* NSTimer+EOCBlocksSupport.m */,
				C04434451D33763B007E389D /* UCloudDanmu.h */,
				C04434461D33763B007E389D /* UCloudDanmu.m */,
				C04434471D33763B007E389D /* UCloudDanmuLabel.h */,
				C04434481D33763B007E389D /* UCloudDanmuLabel.m */,
				C04434491D33763B007E389D /* UCloudDanmuManager.h */,
				C044344A1D33763B007E389D /* UCloudDanmuManager.m */,
				C044344B1D33763B007E389D /* UCloudDanmuParser.h */,
				C044344C1D33763B007E389D /* UCloudDanmuParser.m */,
				C044344D1D33763B007E389D /* UCloudDanmuUtil.h */,
				C044344E1D33763B007E389D /* UCloudDanmuUtil.m */,
				C044344F1D33763B007E389D /* UCloudDanmuView.h */,
				C04434501D33763B007E389D /* UCloudDanmuView.m */,
				C044345A1D3377F6007E389D /* test.xml */,
			);
			path = Danmu;
			sourceTree = "<group>";
		};
		C055AF8A1D333DD3003A6AF6 /* ZXVideoPlayer */ = {
			isa = PBXGroup;
			children = (
				C055AF8B1D333DD3003A6AF6 /* Assets */,
				C055AFA81D333DD3003A6AF6 /* ZXVideo.h */,
				C055AFA91D333DD3003A6AF6 /* ZXVideo.m */,
				C055AFAA1D333DD3003A6AF6 /* ZXVideoPlayerBatteryView.h */,
				C055AFAB1D333DD3003A6AF6 /* ZXVideoPlayerBatteryView.m */,
				C055AFAC1D333DD3003A6AF6 /* ZXVideoPlayerBrightnessView.h */,
				C055AFAD1D333DD3003A6AF6 /* ZXVideoPlayerBrightnessView.m */,
				C055AFB01D333DD3003A6AF6 /* ZXVideoPlayerControlView.h */,
				C055AFB11D333DD3003A6AF6 /* ZXVideoPlayerControlView.m */,
				C055AFB21D333DD3003A6AF6 /* ZXVideoPlayerTimeIndicatorView.h */,
				C055AFB31D333DD3003A6AF6 /* ZXVideoPlayerTimeIndicatorView.m */,
				C055AFB41D333DD3003A6AF6 /* ZXVideoPlayerVolumeView.h */,
				C055AFB51D333DD3003A6AF6 /* ZXVideoPlayerVolumeView.m */,
			);
			path = ZXVideoPlayer;
			sourceTree = "<group>";
		};
		C055AF8B1D333DD3003A6AF6 /* Assets */ = {
			isa = PBXGroup;
			children = (
				C055AF8C1D333DD3003A6AF6 /* kr-video-player-close@2x.png */,
				C055AF8D1D333DD3003A6AF6 /* kr-video-player-close@3x.png */,
				C055AF8E1D333DD3003A6AF6 /* kr-video-player-fullscreen@2x.png */,
				C055AF8F1D333DD3003A6AF6 /* kr-video-player-fullscreen@3x.png */,
				C055AF901D333DD3003A6AF6 /* kr-video-player-pause@2x.png */,
				C055AF911D333DD3003A6AF6 /* kr-video-player-pause@3x.png */,
				C055AF921D333DD3003A6AF6 /* kr-video-player-play@2x.png */,
				C055AF931D333DD3003A6AF6 /* kr-video-player-play@3x.png */,
				C055AF941D333DD3003A6AF6 /* kr-video-player-point@2x.png */,
				C055AF951D333DD3003A6AF6 /* kr-video-player-point@3x.png */,
				C055AF961D333DD3003A6AF6 /* kr-video-player-shrinkscreen@2x.png */,
				C055AF971D333DD3003A6AF6 /* kr-video-player-shrinkscreen@3x.png */,
				C055AF981D333DD3003A6AF6 /* zx-video-banner-back.png */,
				C055AF991D333DD3003A6AF6 /* zx-video-banner-back@2x.png */,
				C055AF9A1D333DD3003A6AF6 /* zx-video-player-brightness@2x.png */,
				C055AF9B1D333DD3003A6AF6 /* zx-video-player-brightness@3x.png */,
				C055AF9C1D333DD3003A6AF6 /* zx-video-player-fastForward@2x.png */,
				C055AF9D1D333DD3003A6AF6 /* zx-video-player-fastForward@3x.png */,
				C055AF9E1D333DD3003A6AF6 /* zx-video-player-lock@2x.png */,
				C055AF9F1D333DD3003A6AF6 /* zx-video-player-lock@3x.png */,
				C055AFA01D333DD3003A6AF6 /* zx-video-player-rewind@2x.png */,
				C055AFA11D333DD3003A6AF6 /* zx-video-player-rewind@3x.png */,
				C055AFA21D333DD3003A6AF6 /* zx-video-player-unlock@2x.png */,
				C055AFA31D333DD3003A6AF6 /* zx-video-player-unlock@3x.png */,
				C055AFA41D333DD3003A6AF6 /* zx-video-player-volume@2x.png */,
				C055AFA51D333DD3003A6AF6 /* zx-video-player-volume@3x.png */,
				C055AFA61D333DD3003A6AF6 /* zx-video-player-volumeMute@2x.png */,
				C055AFA71D333DD3003A6AF6 /* zx-video-player-volumeMute@3x.png */,
			);
			path = Assets;
			sourceTree = "<group>";
		};
		C0D9393D1D2528F6003891F0 /* upload */ = {
			isa = PBXGroup;
			children = (
				C01C06151D2B495800657C62 /* KS3Util.h */,
				C01C06161D2B495800657C62 /* KS3Util.m */,
				C0D9393E1D2528F6003891F0 /* KS3YunSDK.framework */,
			);
			path = upload;
			sourceTree = "<group>";
		};
/* End PBXGroup section */

/* Begin PBXNativeTarget section */
		C03728461D251EC10091F40F /* PostVideo */ = {
			isa = PBXNativeTarget;
			buildConfigurationList = C037285E1D251EC10091F40F /* Build configuration list for PBXNativeTarget "PostVideo" */;
			buildPhases = (
				0F31E44F698C4C77B3C45288 /* Check Pods Manifest.lock */,
				C03728431D251EC10091F40F /* Sources */,
				C03728441D251EC10091F40F /* Frameworks */,
				C03728451D251EC10091F40F /* Resources */,
				6C7574B8BE2EB07258E0848E /* Embed Pods Frameworks */,
				643FAA25A8D8CF00BF5BEA3B /* Copy Pods Resources */,
			);
			buildRules = (
			);
			dependencies = (
			);
			name = PostVideo;
			productName = PostVideo;
			productReference = C03728471D251EC10091F40F /* PostVideo.app */;
			productType = "com.apple.product-type.application";
		};
/* End PBXNativeTarget section */

/* Begin PBXProject section */
		C037283F1D251EC10091F40F /* Project object */ = {
			isa = PBXProject;
			attributes = {
				LastUpgradeCheck = 0800;
				ORGANIZATIONNAME = zmw;
				TargetAttributes = {
					C03728461D251EC10091F40F = {
						CreatedOnToolsVersion = 8.0;
						DevelopmentTeam = A8C8NSF54G;
						DevelopmentTeamName = "mingwei zhao (Personal Team)";
						ProvisioningStyle = Automatic;
					};
				};
			};
			buildConfigurationList = C03728421D251EC10091F40F /* Build configuration list for PBXProject "PostVideo" */;
			compatibilityVersion = "Xcode 3.2";
			developmentRegion = English;
			hasScannedForEncodings = 0;
			knownRegions = (
				en,
				Base,
			);
			mainGroup = C037283E1D251EC10091F40F;
			productRefGroup = C03728481D251EC10091F40F /* Products */;
			projectDirPath = "";
			projectRoot = "";
			targets = (
				C03728461D251EC10091F40F /* PostVideo */,
			);
		};
/* End PBXProject section */

/* Begin PBXResourcesBuildPhase section */
		C03728451D251EC10091F40F /* Resources */ = {
			isa = PBXResourcesBuildPhase;
			buildActionMask = 2147483647;
			files = (
				C055AFBB1D333DD3003A6AF6 /* kr-video-player-pause@3x.png in Resources */,
				C055AFC31D333DD3003A6AF6 /* zx-video-banner-back@2x.png in Resources */,
				C055AFB91D333DD3003A6AF6 /* kr-video-player-fullscreen@3x.png in Resources */,
				C055AFBE1D333DD3003A6AF6 /* kr-video-player-point@2x.png in Resources */,
				C055AFD11D333DD3003A6AF6 /* zx-video-player-volumeMute@3x.png in Resources */,
				C055AFBF1D333DD3003A6AF6 /* kr-video-player-point@3x.png in Resources */,
				C055AFB61D333DD3003A6AF6 /* kr-video-player-close@2x.png in Resources */,
				C044345B1D3377F6007E389D /* test.xml in Resources */,
				C055AFC11D333DD3003A6AF6 /* kr-video-player-shrinkscreen@3x.png in Resources */,
				C055AFC21D333DD3003A6AF6 /* zx-video-banner-back.png in Resources */,
				C055AFBC1D333DD3003A6AF6 /* kr-video-player-play@2x.png in Resources */,
				C055AFBD1D333DD3003A6AF6 /* kr-video-player-play@3x.png in Resources */,
				C055AFD01D333DD3003A6AF6 /* zx-video-player-volumeMute@2x.png in Resources */,
				C03728571D251EC10091F40F /* Assets.xcassets in Resources */,
				C055AFC61D333DD3003A6AF6 /* zx-video-player-fastForward@2x.png in Resources */,
				C055AFB71D333DD3003A6AF6 /* kr-video-player-close@3x.png in Resources */,
				C055AFC71D333DD3003A6AF6 /* zx-video-player-fastForward@3x.png in Resources */,
				C055AFB81D333DD3003A6AF6 /* kr-video-player-fullscreen@2x.png in Resources */,
				C055AFCC1D333DD3003A6AF6 /* zx-video-player-unlock@2x.png in Resources */,
				C055AFC91D333DD3003A6AF6 /* zx-video-player-lock@3x.png in Resources */,
				C055AFCB1D333DD3003A6AF6 /* zx-video-player-rewind@3x.png in Resources */,
				C0ADBCC71D2650DD00E76484 /* Launch.storyboard in Resources */,
				C0ADBCC51D2650B200E76484 /* Main.storyboard in Resources */,
				C055AFCA1D333DD3003A6AF6 /* zx-video-player-rewind@2x.png in Resources */,
				C055AFC51D333DD3003A6AF6 /* zx-video-player-brightness@3x.png in Resources */,
				C055AFCF1D333DD3003A6AF6 /* zx-video-player-volume@3x.png in Resources */,
				C055AFCD1D333DD3003A6AF6 /* zx-video-player-unlock@3x.png in Resources */,
				C055AFBA1D333DD3003A6AF6 /* kr-video-player-pause@2x.png in Resources */,
				C055AFC41D333DD3003A6AF6 /* zx-video-player-brightness@2x.png in Resources */,
				C055AFCE1D333DD3003A6AF6 /* zx-video-player-volume@2x.png in Resources */,
				C055AFC81D333DD3003A6AF6 /* zx-video-player-lock@2x.png in Resources */,
				C055AFC01D333DD3003A6AF6 /* kr-video-player-shrinkscreen@2x.png in Resources */,
			);
			runOnlyForDeploymentPostprocessing = 0;
		};
/* End PBXResourcesBuildPhase section */

/* Begin PBXShellScriptBuildPhase section */
		0F31E44F698C4C77B3C45288 /* Check Pods Manifest.lock */ = {
			isa = PBXShellScriptBuildPhase;
			buildActionMask = 2147483647;
			files = (
			);
			inputPaths = (
			);
			name = "Check Pods Manifest.lock";
			outputPaths = (
			);
			runOnlyForDeploymentPostprocessing = 0;
			shellPath = /bin/sh;
			shellScript = "diff \"${PODS_ROOT}/../Podfile.lock\" \"${PODS_ROOT}/Manifest.lock\" > /dev/null\nif [[ $? != 0 ]] ; then\n    cat << EOM\nerror: The sandbox is not in sync with the Podfile.lock. Run 'pod install' or update your CocoaPods installation.\nEOM\n    exit 1\nfi\n";
			showEnvVarsInLog = 0;
		};
		643FAA25A8D8CF00BF5BEA3B /* Copy Pods Resources */ = {
			isa = PBXShellScriptBuildPhase;
			buildActionMask = 2147483647;
			files = (
			);
			inputPaths = (
			);
			name = "Copy Pods Resources";
			outputPaths = (
			);
			runOnlyForDeploymentPostprocessing = 0;
			shellPath = /bin/sh;
			shellScript = "\"${SRCROOT}/Pods/Target Support Files/Pods/Pods-resources.sh\"\n";
			showEnvVarsInLog = 0;
		};
		6C7574B8BE2EB07258E0848E /* Embed Pods Frameworks */ = {
			isa = PBXShellScriptBuildPhase;
			buildActionMask = 2147483647;
			files = (
			);
			inputPaths = (
			);
			name = "Embed Pods Frameworks";
			outputPaths = (
			);
			runOnlyForDeploymentPostprocessing = 0;
			shellPath = /bin/sh;
			shellScript = "\"${SRCROOT}/Pods/Target Support Files/Pods/Pods-frameworks.sh\"\n";
			showEnvVarsInLog = 0;
		};
/* End PBXShellScriptBuildPhase section */

/* Begin PBXSourcesBuildPhase section */
		C03728431D251EC10091F40F /* Sources */ = {
			isa = PBXSourcesBuildPhase;
			buildActionMask = 2147483647;
			files = (
				C04434521D33763B007E389D /* UCloudDanmuLabel.m in Sources */,
				C03728521D251EC10091F40F /* ViewController.m in Sources */,
				C01C06171D2B495800657C62 /* KS3Util.m in Sources */,
				C04434551D33763B007E389D /* UCloudDanmuUtil.m in Sources */,
				C04434591D33773B007E389D /* NSTimer+EOCBlocksSupport.m in Sources */,
				C04434531D33763B007E389D /* UCloudDanmuManager.m in Sources */,
				C037284F1D251EC10091F40F /* AppDelegate.m in Sources */,
				C055AFD31D333DD3003A6AF6 /* ZXVideoPlayerBatteryView.m in Sources */,
				C01C061D1D2B661600657C62 /* TableViewCell.m in Sources */,
				C055AFD71D333DD3003A6AF6 /* ZXVideoPlayerTimeIndicatorView.m in Sources */,
				C055AFD61D333DD3003A6AF6 /* ZXVideoPlayerControlView.m in Sources */,
				C055AFD81D333DD3003A6AF6 /* ZXVideoPlayerVolumeView.m in Sources */,
				C037284C1D251EC10091F40F /* main.m in Sources */,
				C0D939431D2529F0003891F0 /* MultiUploadModel.m in Sources */,
				C01C061A1D2B64A400657C62 /* UploadTableViewController.m in Sources */,
				C055AFDB1D333FFC003A6AF6 /* MaxPlayerView.m in Sources */,
				C055AFD41D333DD3003A6AF6 /* ZXVideoPlayerBrightnessView.m in Sources */,
				C04434511D33763B007E389D /* UCloudDanmu.m in Sources */,
				C04434561D33763B007E389D /* UCloudDanmuView.m in Sources */,
				C01C06141D2A145200657C62 /* UploadManager.m in Sources */,
				C055AFD21D333DD3003A6AF6 /* ZXVideo.m in Sources */,
				C03728631D251FDB0091F40F /* TableViewController.m in Sources */,
				C01D684E1D26477B008F1ED6 /* PlayerViewController.m in Sources */,
				C04434541D33763B007E389D /* UCloudDanmuParser.m in Sources */,
			);
			runOnlyForDeploymentPostprocessing = 0;
		};
/* End PBXSourcesBuildPhase section */

/* Begin XCBuildConfiguration section */
		C037285C1D251EC10091F40F /* Debug */ = {
			isa = XCBuildConfiguration;
			buildSettings = {
				ALWAYS_SEARCH_USER_PATHS = NO;
				CLANG_ANALYZER_NONNULL = YES;
				CLANG_CXX_LANGUAGE_STANDARD = "gnu++0x";
				CLANG_CXX_LIBRARY = "libc++";
				CLANG_ENABLE_MODULES = YES;
				CLANG_ENABLE_OBJC_ARC = YES;
				CLANG_WARN_BOOL_CONVERSION = YES;
				CLANG_WARN_CONSTANT_CONVERSION = YES;
				CLANG_WARN_DIRECT_OBJC_ISA_USAGE = YES_ERROR;
				CLANG_WARN_DOCUMENTATION_COMMENTS = YES;
				CLANG_WARN_EMPTY_BODY = YES;
				CLANG_WARN_ENUM_CONVERSION = YES;
				CLANG_WARN_INT_CONVERSION = YES;
				CLANG_WARN_OBJC_ROOT_CLASS = YES_ERROR;
				CLANG_WARN_UNREACHABLE_CODE = YES;
				CLANG_WARN__DUPLICATE_METHOD_MATCH = YES;
				"CODE_SIGN_IDENTITY[sdk=iphoneos*]" = "iPhone Developer";
				COPY_PHASE_STRIP = NO;
				DEBUG_INFORMATION_FORMAT = dwarf;
				ENABLE_STRICT_OBJC_MSGSEND = YES;
				ENABLE_TESTABILITY = YES;
				GCC_C_LANGUAGE_STANDARD = gnu99;
				GCC_DYNAMIC_NO_PIC = NO;
				GCC_NO_COMMON_BLOCKS = YES;
				GCC_OPTIMIZATION_LEVEL = 0;
				GCC_PREPROCESSOR_DEFINITIONS = (
					"DEBUG=1",
					"$(inherited)",
				);
				GCC_WARN_64_TO_32_BIT_CONVERSION = YES;
				GCC_WARN_ABOUT_RETURN_TYPE = YES_ERROR;
				GCC_WARN_UNDECLARED_SELECTOR = YES;
				GCC_WARN_UNINITIALIZED_AUTOS = YES_AGGRESSIVE;
				GCC_WARN_UNUSED_FUNCTION = YES;
				GCC_WARN_UNUSED_VARIABLE = YES;
				IPHONEOS_DEPLOYMENT_TARGET = 10.0;
				MTL_ENABLE_DEBUG_INFO = YES;
				ONLY_ACTIVE_ARCH = YES;
				SDKROOT = iphoneos;
			};
			name = Debug;
		};
		C037285D1D251EC10091F40F /* Release */ = {
			isa = XCBuildConfiguration;
			buildSettings = {
				ALWAYS_SEARCH_USER_PATHS = NO;
				CLANG_ANALYZER_NONNULL = YES;
				CLANG_CXX_LANGUAGE_STANDARD = "gnu++0x";
				CLANG_CXX_LIBRARY = "libc++";
				CLANG_ENABLE_MODULES = YES;
				CLANG_ENABLE_OBJC_ARC = YES;
				CLANG_WARN_BOOL_CONVERSION = YES;
				CLANG_WARN_CONSTANT_CONVERSION = YES;
				CLANG_WARN_DIRECT_OBJC_ISA_USAGE = YES_ERROR;
				CLANG_WARN_DOCUMENTATION_COMMENTS = YES;
				CLANG_WARN_EMPTY_BODY = YES;
				CLANG_WARN_ENUM_CONVERSION = YES;
				CLANG_WARN_INT_CONVERSION = YES;
				CLANG_WARN_OBJC_ROOT_CLASS = YES_ERROR;
				CLANG_WARN_UNREACHABLE_CODE = YES;
				CLANG_WARN__DUPLICATE_METHOD_MATCH = YES;
				"CODE_SIGN_IDENTITY[sdk=iphoneos*]" = "iPhone Developer";
				COPY_PHASE_STRIP = NO;
				DEBUG_INFORMATION_FORMAT = "dwarf-with-dsym";
				ENABLE_NS_ASSERTIONS = NO;
				ENABLE_STRICT_OBJC_MSGSEND = YES;
				GCC_C_LANGUAGE_STANDARD = gnu99;
				GCC_NO_COMMON_BLOCKS = YES;
				GCC_WARN_64_TO_32_BIT_CONVERSION = YES;
				GCC_WARN_ABOUT_RETURN_TYPE = YES_ERROR;
				GCC_WARN_UNDECLARED_SELECTOR = YES;
				GCC_WARN_UNINITIALIZED_AUTOS = YES_AGGRESSIVE;
				GCC_WARN_UNUSED_FUNCTION = YES;
				GCC_WARN_UNUSED_VARIABLE = YES;
				IPHONEOS_DEPLOYMENT_TARGET = 10.0;
				MTL_ENABLE_DEBUG_INFO = NO;
				SDKROOT = iphoneos;
				VALIDATE_PRODUCT = YES;
			};
			name = Release;
		};
		C037285F1D251EC10091F40F /* Debug */ = {
			isa = XCBuildConfiguration;
			baseConfigurationReference = E1FEA3E28A48C5BD0B03771D /* Pods.debug.xcconfig */;
			buildSettings = {
				ASSETCATALOG_COMPILER_APPICON_NAME = AppIcon;
				FRAMEWORK_SEARCH_PATHS = (
					"$(inherited)",
					"$(PROJECT_DIR)/PostVideo/upload",
				);
				INFOPLIST_FILE = PostVideo/Info.plist;
				IPHONEOS_DEPLOYMENT_TARGET = 8.0;
				LD_RUNPATH_SEARCH_PATHS = "$(inherited) @executable_path/Frameworks";
				PRODUCT_BUNDLE_IDENTIFIER = com.zhao.PostVideo;
				PRODUCT_NAME = "$(TARGET_NAME)";
			};
			name = Debug;
		};
		C03728601D251EC10091F40F /* Release */ = {
			isa = XCBuildConfiguration;
			baseConfigurationReference = 9043E85532C197C5138269FF /* Pods.release.xcconfig */;
			buildSettings = {
				ASSETCATALOG_COMPILER_APPICON_NAME = AppIcon;
				FRAMEWORK_SEARCH_PATHS = (
					"$(inherited)",
					"$(PROJECT_DIR)/PostVideo/upload",
				);
				INFOPLIST_FILE = PostVideo/Info.plist;
				IPHONEOS_DEPLOYMENT_TARGET = 8.0;
				LD_RUNPATH_SEARCH_PATHS = "$(inherited) @executable_path/Frameworks";
				PRODUCT_BUNDLE_IDENTIFIER = com.zhao.PostVideo;
				PRODUCT_NAME = "$(TARGET_NAME)";
			};
			name = Release;
		};
/* End XCBuildConfiguration section */

/* Begin XCConfigurationList section */
		C03728421D251EC10091F40F /* Build configuration list for PBXProject "PostVideo" */ = {
			isa = XCConfigurationList;
			buildConfigurations = (
				C037285C1D251EC10091F40F /* Debug */,
				C037285D1D251EC10091F40F /* Release */,
			);
			defaultConfigurationIsVisible = 0;
			defaultConfigurationName = Release;
		};
		C037285E1D251EC10091F40F /* Build configuration list for PBXNativeTarget "PostVideo" */ = {
			isa = XCConfigurationList;
			buildConfigurations = (
				C037285F1D251EC10091F40F /* Debug */,
				C03728601D251EC10091F40F /* Release */,
			);
			defaultConfigurationIsVisible = 0;
			defaultConfigurationName = Release;
		};
/* End XCConfigurationList section */
	};
	rootObject = C037283F1D251EC10091F40F /* Project object */;
}
